
Microsoft Visual Studio Solution File, Format Version 12.00
# Visual Studio Version 17
VisualStudioVersion = 17.9.34622.214
MinimumVisualStudioVersion = 10.0.40219.1
Project("{FAE04EC0-301F-11D3-BF4B-00C04F79EFBC}") = "AMST4.CAROUSEL", "AMST4.CAROUSEL\AMST4.CAROUSEL.csproj", "{B666D951-5AD7-4964-8DAA-C5E68A038411}"
EndProject
Global
	GlobalSection(SolutionConfigurationPlatforms) = preSolution
		Debug|Any CPU = Debug|Any CPU
		Release|Any CPU = Release|Any CPU
	EndGlobalSection
	GlobalSection(ProjectConfigurationPlatforms) = postSolution
		{B666D951-5AD7-4964-8DAA-C5E68A038411}.Debug|Any CPU.ActiveCfg = Debug|Any CPU
		{B666D951-5AD7-4964-8DAA-C5E68A038411}.Debug|Any CPU.Build.0 = Debug|Any CPU
		{B666D951-5AD7-4964-8DAA-C5E68A038411}.Release|Any CPU.ActiveCfg = Release|Any CPU
		{B666D951-5AD7-4964-8DAA-C5E68A038411}.Release|Any CPU.Build.0 = Release|Any CPU
	EndGlobalSection
	GlobalSection(SolutionProperties) = preSolution
		HideSolutionNode = FALSE
	EndGlobalSection
	GlobalSection(ExtensibilityGlobals) = postSolution
		SolutionGuid = {CD9223CD-9440-4283-8B64-70F8F93545F9}
	EndGlobalSection
EndGlobal
